
Microsoft Visual Studio Solution File, Format Version 12.00
# Visual Studio Version 16
VisualStudioVersion = 16.0.30611.23
MinimumVisualStudioVersion = 10.0.40219.1
Project("{FAE04EC0-301F-11D3-BF4B-00C04F79EFBC}") = "DevOpsSampleProject", "DevOpsSampleProject.csproj", "{9976B7B8-365A-49FC-8DAA-B11815C195EF}"
EndProject
Global
	GlobalSection(SolutionConfigurationPlatforms) = preSolution
		Debug|Any CPU = Debug|Any CPU
		Release|Any CPU = Release|Any CPU
	EndGlobalSection
	GlobalSection(ProjectConfigurationPlatforms) = postSolution
		{9976B7B8-365A-49FC-8DAA-B11815C195EF}.Debug|Any CPU.ActiveCfg = Debug|Any CPU
		{9976B7B8-365A-49FC-8DAA-B11815C195EF}.Debug|Any CPU.Build.0 = Debug|Any CPU
		{9976B7B8-365A-49FC-8DAA-B11815C195EF}.Release|Any CPU.ActiveCfg = Release|Any CPU
		{9976B7B8-365A-49FC-8DAA-B11815C195EF}.Release|Any CPU.Build.0 = Release|Any CPU
	EndGlobalSection
	GlobalSection(SolutionProperties) = preSolution
		HideSolutionNode = FALSE
	EndGlobalSection
	GlobalSection(ExtensibilityGlobals) = postSolution
		SolutionGuid = {214E0589-5D3D-4071-88A9-6E201867D565}
	EndGlobalSection
EndGlobal
